
Microsoft Visual Studio Solution File, Format Version 12.00
# Visual Studio Version 17
VisualStudioVersion = 17.11.35312.102
MinimumVisualStudioVersion = 10.0.40219.1
Project("{FAE04EC0-301F-11D3-BF4B-00C04F79EFBC}") = "EmprestimoLivros", "EmprestimoLivros\EmprestimoLivros.csproj", "{84FE27C9-3912-407B-A3A9-63869B37455E}"
EndProject
Global
	GlobalSection(SolutionConfigurationPlatforms) = preSolution
		Debug|Any CPU = Debug|Any CPU
		Release|Any CPU = Release|Any CPU
	EndGlobalSection
	GlobalSection(ProjectConfigurationPlatforms) = postSolution
		{84FE27C9-3912-407B-A3A9-63869B37455E}.Debug|Any CPU.ActiveCfg = Debug|Any CPU
		{84FE27C9-3912-407B-A3A9-63869B37455E}.Debug|Any CPU.Build.0 = Debug|Any CPU
		{84FE27C9-3912-407B-A3A9-63869B37455E}.Release|Any CPU.ActiveCfg = Release|Any CPU
		{84FE27C9-3912-407B-A3A9-63869B37455E}.Release|Any CPU.Build.0 = Release|Any CPU
	EndGlobalSection
	GlobalSection(SolutionProperties) = preSolution
		HideSolutionNode = FALSE
	EndGlobalSection
	GlobalSection(ExtensibilityGlobals) = postSolution
		SolutionGuid = {0785D9EF-85E0-4BAD-B508-9F144C241806}
	EndGlobalSection
EndGlobal
